
Microsoft Visual Studio Solution File, Format Version 12.00
# Visual Studio Version 18
VisualStudioVersion = 18.3.11312.210
MinimumVisualStudioVersion = 10.0.40219.1
Project("{FAE04EC0-301F-11D3-BF4B-00C04F79EFBC}") = "Techcore_Internship.ConsoleApp", "Techcore_Internship.ConsoleApp.csproj", "{21387191-6340-487E-BE35-BF3604B7B156}"
EndProject
Project("{FAE04EC0-301F-11D3-BF4B-00C04F79EFBC}") = "Techcore_Internship.WebApi", "Techcore_Internship.WebApi\Techcore_Internship.WebApi.csproj", "{E57B3883-BCB8-4791-95BF-4949672F1812}"
EndProject
Project("{FAE04EC0-301F-11D3-BF4B-00C04F79EFBC}") = "Techcore_Internship.Domain", "Techcore_Internship.Domain\Techcore_Internship.Domain.csproj", "{18037AEE-F182-432A-B776-BCA746092FA1}"
EndProject
Project("{FAE04EC0-301F-11D3-BF4B-00C04F79EFBC}") = "Techcore_Internship.Application", "Techcore_Internship.Application\Techcore_Internship.Application.csproj", "{2B05727D-C1A2-4827-A32B-14CF977174F7}"
EndProject
Project("{FAE04EC0-301F-11D3-BF4B-00C04F79EFBC}") = "Techcore_Internship.Contracts", "Techcore_Internship.Contracts\Techcore_Internship.Contracts.csproj", "{B6CAF4FF-A374-4E44-B8A5-9B25B9308AAD}"
EndProject
Project("{FAE04EC0-301F-11D3-BF4B-00C04F79EFBC}") = "Techcore_Internship.Data", "Techcore_Internship.Data\Techcore_Internship.Data.csproj", "{8ECA51EE-37A5-4897-8323-D44591C51675}"
EndProject
Project("{2150E333-8FDC-42A3-9474-1A3956D46DE8}") = "Solution Items", "Solution Items", "{8EC462FD-D22E-90A8-E5CE-7E832BA40C5D}"
	ProjectSection(SolutionItems) = preProject
		docker-compose.yaml = docker-compose.yaml
		import_books.sql = import_books.sql
		prometheus.yml = prometheus.yml
	EndProjectSection
EndProject
Project("{FAE04EC0-301F-11D3-BF4B-00C04F79EFBC}") = "Techcore_Internship.UnitTests", "Techcore_Internship.Tests\Techcore_Internship.UnitTests.csproj", "{346279AA-2144-4226-A663-37DA40361453}"
EndProject
Project("{FAE04EC0-301F-11D3-BF4B-00C04F79EFBC}") = "Techcore_Internship.IntegrationTests", "Techcore_Internship.IntegrationTests\Techcore_Internship.IntegrationTests.csproj", "{7BBE74DE-23E8-4D73-814E-3257FBA43CC3}"
EndProject
Project("{2150E333-8FDC-42A3-9474-1A3956D46DE8}") = "Authors.Api", "Authors.Api", "{02EA681E-C7D8-13C7-8484-4AC65E1B71E8}"
EndProject
Project("{FAE04EC0-301F-11D3-BF4B-00C04F79EFBC}") = "Techcore_Internship.AuthorsApi", "Techcore_Internship.AuthorsApi\Techcore_Internship.AuthorsApi.csproj", "{2523975E-FABF-49E8-A488-9CE30BC03263}"
EndProject
Project("{FAE04EC0-301F-11D3-BF4B-00C04F79EFBC}") = "Techcore_Internship.Grpc.ServiceA", "Techcore_Internship.Grpc.ServiceA\Techcore_Internship.Grpc.ServiceA.csproj", "{EAC2B08B-BC46-419A-9A1D-C38A7EE5A13F}"
EndProject
Project("{FAE04EC0-301F-11D3-BF4B-00C04F79EFBC}") = "Techcore_Internship.Grpc.ServiceB", "Techcore_Internship.Grpc.ServiceB\Techcore_Internship.Grpc.ServiceB.csproj", "{EB380C0B-6547-40A6-9590-C1616A1DF1C3}"
EndProject
Project("{FAE04EC0-301F-11D3-BF4B-00C04F79EFBC}") = "Techcore_Internship.Gateway", "Techcore_Internship.Gateway\Techcore_Internship.Gateway.csproj", "{B249A36A-7660-460A-A225-708D9F962688}"
EndProject
Project("{2150E333-8FDC-42A3-9474-1A3956D46DE8}") = "k8s", "k8s", "{923264B7-74AD-4CF2-AC5C-DDD7A3DA5F2B}"
	ProjectSection(SolutionItems) = preProject
		authorsapi-deployment.yaml = authorsapi-deployment.yaml
		configmap-bookservice.yaml = configmap-bookservice.yaml
		ingress.yml = ingress.yml
		kafka-deployment-wurstmeister.yaml = kafka-deployment-wurstmeister.yaml
		kafka-service-wurstmeister.yaml = kafka-service-wurstmeister.yaml
		loki-deployment.yaml = loki-deployment.yaml
		mongo-deployment.yml = mongo-deployment.yml
		ocelot-gateway.yaml = ocelot-gateway.yaml
		postgres-deployment.yml = postgres-deployment.yml
		postgres-pvc.yml = postgres-pvc.yml
		postgres-service.yml = postgres-service.yml
		rabbitmq-deployment.yml = rabbitmq-deployment.yml
		redis-deployment.yml = redis-deployment.yml
		secret-app.yaml = secret-app.yaml
		web-api-deployment.yaml = web-api-deployment.yaml
		zipkin-deployment.yml = zipkin-deployment.yml
		zookeeper-deployment.yaml = zookeeper-deployment.yaml
		zookeeper-service.yaml = zookeeper-service.yaml
	EndProjectSection
EndProject
Project("{FAE04EC0-301F-11D3-BF4B-00C04F79EFBC}") = "Techcore_Internship.Gateway.Ocelot", "Techcore_Internship.Gateway.Ocelot\Techcore_Internship.Gateway.Ocelot.csproj", "{99CE05F6-0C84-4BE0-B030-E41CC3E7BB5C}"
EndProject
Global
	GlobalSection(SolutionConfigurationPlatforms) = preSolution
		Debug|Any CPU = Debug|Any CPU
		Debug|x64 = Debug|x64
		Debug|x86 = Debug|x86
		Release|Any CPU = Release|Any CPU
		Release|x64 = Release|x64
		Release|x86 = Release|x86
	EndGlobalSection
	GlobalSection(ProjectConfigurationPlatforms) = postSolution
		{21387191-6340-487E-BE35-BF3604B7B156}.Debug|Any CPU.ActiveCfg = Debug|Any CPU
		{21387191-6340-487E-BE35-BF3604B7B156}.Debug|Any CPU.Build.0 = Debug|Any CPU
		{21387191-6340-487E-BE35-BF3604B7B156}.Debug|x64.ActiveCfg = Debug|Any CPU
		{21387191-6340-487E-BE35-BF3604B7B156}.Debug|x64.Build.0 = Debug|Any CPU
		{21387191-6340-487E-BE35-BF3604B7B156}.Debug|x86.ActiveCfg = Debug|Any CPU
		{21387191-6340-487E-BE35-BF3604B7B156}.Debug|x86.Build.0 = Debug|Any CPU
		{21387191-6340-487E-BE35-BF3604B7B156}.Release|Any CPU.ActiveCfg = Release|Any CPU
		{21387191-6340-487E-BE35-BF3604B7B156}.Release|Any CPU.Build.0 = Release|Any CPU
		{21387191-6340-487E-BE35-BF3604B7B156}.Release|x64.ActiveCfg = Release|Any CPU
		{21387191-6340-487E-BE35-BF3604B7B156}.Release|x64.Build.0 = Release|Any CPU
		{21387191-6340-487E-BE35-BF3604B7B156}.Release|x86.ActiveCfg = Release|Any CPU
		{21387191-6340-487E-BE35-BF3604B7B156}.Release|x86.Build.0 = Release|Any CPU
		{E57B3883-BCB8-4791-95BF-4949672F1812}.Debug|Any CPU.ActiveCfg = Debug|Any CPU
		{E57B3883-BCB8-4791-95BF-4949672F1812}.Debug|Any CPU.Build.0 = Debug|Any CPU
		{E57B3883-BCB8-4791-95BF-4949672F1812}.Debug|x64.ActiveCfg = Debug|Any CPU
		{E57B3883-BCB8-4791-95BF-4949672F1812}.Debug|x64.Build.0 = Debug|Any CPU
		{E57B3883-BCB8-4791-95BF-4949672F1812}.Debug|x86.ActiveCfg = Debug|Any CPU
		{E57B3883-BCB8-4791-95BF-4949672F1812}.Debug|x86.Build.0 = Debug|Any CPU
		{E57B3883-BCB8-4791-95BF-4949672F1812}.Release|Any CPU.ActiveCfg = Release|Any CPU
		{E57B3883-BCB8-4791-95BF-4949672F1812}.Release|Any CPU.Build.0 = Release|Any CPU
		{E57B3883-BCB8-4791-95BF-4949672F1812}.Release|x64.ActiveCfg = Release|Any CPU
		{E57B3883-BCB8-4791-95BF-4949672F1812}.Release|x64.Build.0 = Release|Any CPU
		{E57B3883-BCB8-4791-95BF-4949672F1812}.Release|x86.ActiveCfg = Release|Any CPU
		{E57B3883-BCB8-4791-95BF-4949672F1812}.Release|x86.Build.0 = Release|Any CPU
		{18037AEE-F182-432A-B776-BCA746092FA1}.Debug|Any CPU.ActiveCfg = Debug|Any CPU
		{18037AEE-F182-432A-B776-BCA746092FA1}.Debug|Any CPU.Build.0 = Debug|Any CPU
		{18037AEE-F182-432A-B776-BCA746092FA1}.Debug|x64.ActiveCfg = Debug|Any CPU
		{18037AEE-F182-432A-B776-BCA746092FA1}.Debug|x64.Build.0 = Debug|Any CPU
		{18037AEE-F182-432A-B776-BCA746092FA1}.Debug|x86.ActiveCfg = Debug|Any CPU
		{18037AEE-F182-432A-B776-BCA746092FA1}.Debug|x86.Build.0 = Debug|Any CPU
		{18037AEE-F182-432A-B776-BCA746092FA1}.Release|Any CPU.ActiveCfg = Release|Any CPU
		{18037AEE-F182-432A-B776-BCA746092FA1}.Release|Any CPU.Build.0 = Release|Any CPU
		{18037AEE-F182-432A-B776-BCA746092FA1}.Release|x64.ActiveCfg = Release|Any CPU
		{18037AEE-F182-432A-B776-BCA746092FA1}.Release|x64.Build.0 = Release|Any CPU
		{18037AEE-F182-432A-B776-BCA746092FA1}.Release|x86.ActiveCfg = Release|Any CPU
		{18037AEE-F182-432A-B776-BCA746092FA1}.Release|x86.Build.0 = Release|Any CPU
		{2B05727D-C1A2-4827-A32B-14CF977174F7}.Debug|Any CPU.ActiveCfg = Debug|Any CPU
		{2B05727D-C1A2-4827-A32B-14CF977174F7}.Debug|Any CPU.Build.0 = Debug|Any CPU
		{2B05727D-C1A2-4827-A32B-14CF977174F7}.Debug|x64.ActiveCfg = Debug|Any CPU
		{2B05727D-C1A2-4827-A32B-14CF977174F7}.Debug|x64.Build.0 = Debug|Any CPU
		{2B05727D-C1A2-4827-A32B-14CF977174F7}.Debug|x86.ActiveCfg = Debug|Any CPU
		{2B05727D-C1A2-4827-A32B-14CF977174F7}.Debug|x86.Build.0 = Debug|Any CPU
		{2B05727D-C1A2-4827-A32B-14CF977174F7}.Release|Any CPU.ActiveCfg = Release|Any CPU
		{2B05727D-C1A2-4827-A32B-14CF977174F7}.Release|Any CPU.Build.0 = Release|Any CPU
		{2B05727D-C1A2-4827-A32B-14CF977174F7}.Release|x64.ActiveCfg = Release|Any CPU
		{2B05727D-C1A2-4827-A32B-14CF977174F7}.Release|x64.Build.0 = Release|Any CPU
		{2B05727D-C1A2-4827-A32B-14CF977174F7}.Release|x86.ActiveCfg = Release|Any CPU
		{2B05727D-C1A2-4827-A32B-14CF977174F7}.Release|x86.Build.0 = Release|Any CPU
		{B6CAF4FF-A374-4E44-B8A5-9B25B9308AAD}.Debug|Any CPU.ActiveCfg = Debug|Any CPU
		{B6CAF4FF-A374-4E44-B8A5-9B25B9308AAD}.Debug|Any CPU.Build.0 = Debug|Any CPU
		{B6CAF4FF-A374-4E44-B8A5-9B25B9308AAD}.Debug|x64.ActiveCfg = Debug|Any CPU
		{B6CAF4FF-A374-4E44-B8A5-9B25B9308AAD}.Debug|x64.Build.0 = Debug|Any CPU
		{B6CAF4FF-A374-4E44-B8A5-9B25B9308AAD}.Debug|x86.ActiveCfg = Debug|Any CPU
		{B6CAF4FF-A374-4E44-B8A5-9B25B9308AAD}.Debug|x86.Build.0 = Debug|Any CPU
		{B6CAF4FF-A374-4E44-B8A5-9B25B9308AAD}.Release|Any CPU.ActiveCfg = Release|Any CPU
		{B6CAF4FF-A374-4E44-B8A5-9B25B9308AAD}.Release|Any CPU.Build.0 = Release|Any CPU
		{B6CAF4FF-A374-4E44-B8A5-9B25B9308AAD}.Release|x64.ActiveCfg = Release|Any CPU
		{B6CAF4FF-A374-4E44-B8A5-9B25B9308AAD}.Release|x64.Build.0 = Release|Any CPU
		{B6CAF4FF-A374-4E44-B8A5-9B25B9308AAD}.Release|x86.ActiveCfg = Release|Any CPU
		{B6CAF4FF-A374-4E44-B8A5-9B25B9308AAD}.Release|x86.Build.0 = Release|Any CPU
		{8ECA51EE-37A5-4897-8323-D44591C51675}.Debug|Any CPU.ActiveCfg = Debug|Any CPU
		{8ECA51EE-37A5-4897-8323-D44591C51675}.Debug|Any CPU.Build.0 = Debug|Any CPU
		{8ECA51EE-37A5-4897-8323-D44591C51675}.Debug|x64.ActiveCfg = Debug|Any CPU
		{8ECA51EE-37A5-4897-8323-D44591C51675}.Debug|x64.Build.0 = Debug|Any CPU
		{8ECA51EE-37A5-4897-8323-D44591C51675}.Debug|x86.ActiveCfg = Debug|Any CPU
		{8ECA51EE-37A5-4897-8323-D44591C51675}.Debug|x86.Build.0 = Debug|Any CPU
		{8ECA51EE-37A5-4897-8323-D44591C51675}.Release|Any CPU.ActiveCfg = Release|Any CPU
		{8ECA51EE-37A5-4897-8323-D44591C51675}.Release|Any CPU.Build.0 = Release|Any CPU
		{8ECA51EE-37A5-4897-8323-D44591C51675}.Release|x64.ActiveCfg = Release|Any CPU
		{8ECA51EE-37A5-4897-8323-D44591C51675}.Release|x64.Build.0 = Release|Any CPU
		{8ECA51EE-37A5-4897-8323-D44591C51675}.Release|x86.ActiveCfg = Release|Any CPU
		{8ECA51EE-37A5-4897-8323-D44591C51675}.Release|x86.Build.0 = Release|Any CPU
		{346279AA-2144-4226-A663-37DA40361453}.Debug|Any CPU.ActiveCfg = Debug|Any CPU
		{346279AA-2144-4226-A663-37DA40361453}.Debug|Any CPU.Build.0 = Debug|Any CPU
		{346279AA-2144-4226-A663-37DA40361453}.Debug|x64.ActiveCfg = Debug|Any CPU
		{346279AA-2144-4226-A663-37DA40361453}.Debug|x64.Build.0 = Debug|Any CPU
		{346279AA-2144-4226-A663-37DA40361453}.Debug|x86.ActiveCfg = Debug|Any CPU
		{346279AA-2144-4226-A663-37DA40361453}.Debug|x86.Build.0 = Debug|Any CPU
		{346279AA-2144-4226-A663-37DA40361453}.Release|Any CPU.ActiveCfg = Release|Any CPU
		{346279AA-2144-4226-A663-37DA40361453}.Release|Any CPU.Build.0 = Release|Any CPU
		{346279AA-2144-4226-A663-37DA40361453}.Release|x64.ActiveCfg = Release|Any CPU
		{346279AA-2144-4226-A663-37DA40361453}.Release|x64.Build.0 = Release|Any CPU
		{346279AA-2144-4226-A663-37DA40361453}.Release|x86.ActiveCfg = Release|Any CPU
		{346279AA-2144-4226-A663-37DA40361453}.Release|x86.Build.0 = Release|Any CPU
		{7BBE74DE-23E8-4D73-814E-3257FBA43CC3}.Debug|Any CPU.ActiveCfg = Debug|Any CPU
		{7BBE74DE-23E8-4D73-814E-3257FBA43CC3}.Debug|Any CPU.Build.0 = Debug|Any CPU
		{7BBE74DE-23E8-4D73-814E-3257FBA43CC3}.Debug|x64.ActiveCfg = Debug|Any CPU
		{7BBE74DE-23E8-4D73-814E-3257FBA43CC3}.Debug|x64.Build.0 = Debug|Any CPU
		{7BBE74DE-23E8-4D73-814E-3257FBA43CC3}.Debug|x86.ActiveCfg = Debug|Any CPU
		{7BBE74DE-23E8-4D73-814E-3257FBA43CC3}.Debug|x86.Build.0 = Debug|Any CPU
		{7BBE74DE-23E8-4D73-814E-3257FBA43CC3}.Release|Any CPU.ActiveCfg = Release|Any CPU
		{7BBE74DE-23E8-4D73-814E-3257FBA43CC3}.Release|Any CPU.Build.0 = Release|Any CPU
		{7BBE74DE-23E8-4D73-814E-3257FBA43CC3}.Release|x64.ActiveCfg = Release|Any CPU
		{7BBE74DE-23E8-4D73-814E-3257FBA43CC3}.Release|x64.Build.0 = Release|Any CPU
		{7BBE74DE-23E8-4D73-814E-3257FBA43CC3}.Release|x86.ActiveCfg = Release|Any CPU
		{7BBE74DE-23E8-4D73-814E-3257FBA43CC3}.Release|x86.Build.0 = Release|Any CPU
		{2523975E-FABF-49E8-A488-9CE30BC03263}.Debug|Any CPU.ActiveCfg = Debug|Any CPU
		{2523975E-FABF-49E8-A488-9CE30BC03263}.Debug|Any CPU.Build.0 = Debug|Any CPU
		{2523975E-FABF-49E8-A488-9CE30BC03263}.Debug|x64.ActiveCfg = Debug|Any CPU
		{2523975E-FABF-49E8-A488-9CE30BC03263}.Debug|x64.Build.0 = Debug|Any CPU
		{2523975E-FABF-49E8-A488-9CE30BC03263}.Debug|x86.ActiveCfg = Debug|Any CPU
		{2523975E-FABF-49E8-A488-9CE30BC03263}.Debug|x86.Build.0 = Debug|Any CPU
		{2523975E-FABF-49E8-A488-9CE30BC03263}.Release|Any CPU.ActiveCfg = Release|Any CPU
		{2523975E-FABF-49E8-A488-9CE30BC03263}.Release|Any CPU.Build.0 = Release|Any CPU
		{2523975E-FABF-49E8-A488-9CE30BC03263}.Release|x64.ActiveCfg = Release|Any CPU
		{2523975E-FABF-49E8-A488-9CE30BC03263}.Release|x64.Build.0 = Release|Any CPU
		{2523975E-FABF-49E8-A488-9CE30BC03263}.Release|x86.ActiveCfg = Release|Any CPU
		{2523975E-FABF-49E8-A488-9CE30BC03263}.Release|x86.Build.0 = Release|Any CPU
		{EAC2B08B-BC46-419A-9A1D-C38A7EE5A13F}.Debug|Any CPU.ActiveCfg = Debug|Any CPU
		{EAC2B08B-BC46-419A-9A1D-C38A7EE5A13F}.Debug|Any CPU.Build.0 = Debug|Any CPU
		{EAC2B08B-BC46-419A-9A1D-C38A7EE5A13F}.Debug|x64.ActiveCfg = Debug|Any CPU
		{EAC2B08B-BC46-419A-9A1D-C38A7EE5A13F}.Debug|x64.Build.0 = Debug|Any CPU
		{EAC2B08B-BC46-419A-9A1D-C38A7EE5A13F}.Debug|x86.ActiveCfg = Debug|Any CPU
		{EAC2B08B-BC46-419A-9A1D-C38A7EE5A13F}.Debug|x86.Build.0 = Debug|Any CPU
		{EAC2B08B-BC46-419A-9A1D-C38A7EE5A13F}.Release|Any CPU.ActiveCfg = Release|Any CPU
		{EAC2B08B-BC46-419A-9A1D-C38A7EE5A13F}.Release|Any CPU.Build.0 = Release|Any CPU
		{EAC2B08B-BC46-419A-9A1D-C38A7EE5A13F}.Release|x64.ActiveCfg = Release|Any CPU
		{EAC2B08B-BC46-419A-9A1D-C38A7EE5A13F}.Release|x64.Build.0 = Release|Any CPU
		{EAC2B08B-BC46-419A-9A1D-C38A7EE5A13F}.Release|x86.ActiveCfg = Release|Any CPU
		{EAC2B08B-BC46-419A-9A1D-C38A7EE5A13F}.Release|x86.Build.0 = Release|Any CPU
		{EB380C0B-6547-40A6-9590-C1616A1DF1C3}.Debug|Any CPU.ActiveCfg = Debug|Any CPU
		{EB380C0B-6547-40A6-9590-C1616A1DF1C3}.Debug|Any CPU.Build.0 = Debug|Any CPU
		{EB380C0B-6547-40A6-9590-C1616A1DF1C3}.Debug|x64.ActiveCfg = Debug|Any CPU
		{EB380C0B-6547-40A6-9590-C1616A1DF1C3}.Debug|x64.Build.0 = Debug|Any CPU
		{EB380C0B-6547-40A6-9590-C1616A1DF1C3}.Debug|x86.ActiveCfg = Debug|Any CPU
		{EB380C0B-6547-40A6-9590-C1616A1DF1C3}.Debug|x86.Build.0 = Debug|Any CPU
		{EB380C0B-6547-40A6-9590-C1616A1DF1C3}.Release|Any CPU.ActiveCfg = Release|Any CPU
		{EB380C0B-6547-40A6-9590-C1616A1DF1C3}.Release|Any CPU.Build.0 = Release|Any CPU
		{EB380C0B-6547-40A6-9590-C1616A1DF1C3}.Release|x64.ActiveCfg = Release|Any CPU
		{EB380C0B-6547-40A6-9590-C1616A1DF1C3}.Release|x64.Build.0 = Release|Any CPU
		{EB380C0B-6547-40A6-9590-C1616A1DF1C3}.Release|x86.ActiveCfg = Release|Any CPU
		{EB380C0B-6547-40A6-9590-C1616A1DF1C3}.Release|x86.Build.0 = Release|Any CPU
		{B249A36A-7660-460A-A225-708D9F962688}.Debug|Any CPU.ActiveCfg = Debug|Any CPU
		{B249A36A-7660-460A-A225-708D9F962688}.Debug|Any CPU.Build.0 = Debug|Any CPU
		{B249A36A-7660-460A-A225-708D9F962688}.Debug|x64.ActiveCfg = Debug|Any CPU
		{B249A36A-7660-460A-A225-708D9F962688}.Debug|x64.Build.0 = Debug|Any CPU
		{B249A36A-7660-460A-A225-708D9F962688}.Debug|x86.ActiveCfg = Debug|Any CPU
		{B249A36A-7660-460A-A225-708D9F962688}.Debug|x86.Build.0 = Debug|Any CPU
		{B249A36A-7660-460A-A225-708D9F962688}.Release|Any CPU.ActiveCfg = Release|Any CPU
		{B249A36A-7660-460A-A225-708D9F962688}.Release|Any CPU.Build.0 = Release|Any CPU
		{B249A36A-7660-460A-A225-708D9F962688}.Release|x64.ActiveCfg = Release|Any CPU
		{B249A36A-7660-460A-A225-708D9F962688}.Release|x64.Build.0 = Release|Any CPU
		{B249A36A-7660-460A-A225-708D9F962688}.Release|x86.ActiveCfg = Release|Any CPU
		{B249A36A-7660-460A-A225-708D9F962688}.Release|x86.Build.0 = Release|Any CPU
		{99CE05F6-0C84-4BE0-B030-E41CC3E7BB5C}.Debug|Any CPU.ActiveCfg = Debug|Any CPU
		{99CE05F6-0C84-4BE0-B030-E41CC3E7BB5C}.Debug|Any CPU.Build.0 = Debug|Any CPU
		{99CE05F6-0C84-4BE0-B030-E41CC3E7BB5C}.Debug|x64.ActiveCfg = Debug|Any CPU
		{99CE05F6-0C84-4BE0-B030-E41CC3E7BB5C}.Debug|x64.Build.0 = Debug|Any CPU
		{99CE05F6-0C84-4BE0-B030-E41CC3E7BB5C}.Debug|x86.ActiveCfg = Debug|Any CPU
		{99CE05F6-0C84-4BE0-B030-E41CC3E7BB5C}.Debug|x86.Build.0 = Debug|Any CPU
		{99CE05F6-0C84-4BE0-B030-E41CC3E7BB5C}.Release|Any CPU.ActiveCfg = Release|Any CPU
		{99CE05F6-0C84-4BE0-B030-E41CC3E7BB5C}.Release|Any CPU.Build.0 = Release|Any CPU
		{99CE05F6-0C84-4BE0-B030-E41CC3E7BB5C}.Release|x64.ActiveCfg = Release|Any CPU
		{99CE05F6-0C84-4BE0-B030-E41CC3E7BB5C}.Release|x64.Build.0 = Release|Any CPU
		{99CE05F6-0C84-4BE0-B030-E41CC3E7BB5C}.Release|x86.ActiveCfg = Release|Any CPU
		{99CE05F6-0C84-4BE0-B030-E41CC3E7BB5C}.Release|x86.Build.0 = Release|Any CPU
	EndGlobalSection
	GlobalSection(SolutionProperties) = preSolution
		HideSolutionNode = FALSE
	EndGlobalSection
	GlobalSection(NestedProjects) = preSolution
		{2523975E-FABF-49E8-A488-9CE30BC03263} = {02EA681E-C7D8-13C7-8484-4AC65E1B71E8}
		{923264B7-74AD-4CF2-AC5C-DDD7A3DA5F2B} = {8EC462FD-D22E-90A8-E5CE-7E832BA40C5D}
	EndGlobalSection
	GlobalSection(ExtensibilityGlobals) = postSolution
		SolutionGuid = {707183C7-5239-4D96-AA50-8A3C8D62BF3A}
	EndGlobalSection
EndGlobal
